
Microsoft Visual Studio Solution File, Format Version 12.00
Project("{FAE04EC0-301F-11D3-BF4B-00C04F79EFBC}") = "StackCollection", "StackCollection\StackCollection.csproj", "{67917290-F33E-40A4-9358-15A179CEA56B}"
EndProject
Project("{FAE04EC0-301F-11D3-BF4B-00C04F79EFBC}") = "TestingConsole", "TestingConsole\TestingConsole.csproj", "{3A97C032-F38F-4734-8B61-D02FE3DAE4E9}"
	ProjectSection(ProjectDependencies) = postProject
		{67917290-F33E-40A4-9358-15A179CEA56B} = {67917290-F33E-40A4-9358-15A179CEA56B}
	EndProjectSection
EndProject
Project("{FAE04EC0-301F-11D3-BF4B-00C04F79EFBC}") = "BinaryTree", "BinaryTree\BinaryTree.csproj", "{4B96B48F-D303-4535-889E-02F1A938D791}"
EndProject
Global
	GlobalSection(SolutionConfigurationPlatforms) = preSolution
		Debug|Any CPU = Debug|Any CPU
		Release|Any CPU = Release|Any CPU
	EndGlobalSection
	GlobalSection(ProjectConfigurationPlatforms) = postSolution
		{67917290-F33E-40A4-9358-15A179CEA56B}.Debug|Any CPU.ActiveCfg = Debug|Any CPU
		{67917290-F33E-40A4-9358-15A179CEA56B}.Debug|Any CPU.Build.0 = Debug|Any CPU
		{67917290-F33E-40A4-9358-15A179CEA56B}.Release|Any CPU.ActiveCfg = Release|Any CPU
		{67917290-F33E-40A4-9358-15A179CEA56B}.Release|Any CPU.Build.0 = Release|Any CPU
		{3A97C032-F38F-4734-8B61-D02FE3DAE4E9}.Debug|Any CPU.ActiveCfg = Debug|Any CPU
		{3A97C032-F38F-4734-8B61-D02FE3DAE4E9}.Debug|Any CPU.Build.0 = Debug|Any CPU
		{3A97C032-F38F-4734-8B61-D02FE3DAE4E9}.Release|Any CPU.ActiveCfg = Release|Any CPU
		{3A97C032-F38F-4734-8B61-D02FE3DAE4E9}.Release|Any CPU.Build.0 = Release|Any CPU
		{4B96B48F-D303-4535-889E-02F1A938D791}.Debug|Any CPU.ActiveCfg = Debug|Any CPU
		{4B96B48F-D303-4535-889E-02F1A938D791}.Debug|Any CPU.Build.0 = Debug|Any CPU
		{4B96B48F-D303-4535-889E-02F1A938D791}.Release|Any CPU.ActiveCfg = Release|Any CPU
		{4B96B48F-D303-4535-889E-02F1A938D791}.Release|Any CPU.Build.0 = Release|Any CPU
	EndGlobalSection
EndGlobal
