
Microsoft Visual Studio Solution File, Format Version 12.00
Project("{FAE04EC0-301F-11D3-BF4B-00C04F79EFBC}") = "StackCollection", "StackCollection\StackCollection.csproj", "{67917290-F33E-40A4-9358-15A179CEA56B}"
EndProject
Global
	GlobalSection(SolutionConfigurationPlatforms) = preSolution
		Debug|Any CPU = Debug|Any CPU
		Release|Any CPU = Release|Any CPU
	EndGlobalSection
	GlobalSection(ProjectConfigurationPlatforms) = postSolution
		{67917290-F33E-40A4-9358-15A179CEA56B}.Debug|Any CPU.ActiveCfg = Debug|Any CPU
		{67917290-F33E-40A4-9358-15A179CEA56B}.Debug|Any CPU.Build.0 = Debug|Any CPU
		{67917290-F33E-40A4-9358-15A179CEA56B}.Release|Any CPU.ActiveCfg = Release|Any CPU
		{67917290-F33E-40A4-9358-15A179CEA56B}.Release|Any CPU.Build.0 = Release|Any CPU
	EndGlobalSection
EndGlobal
